
Microsoft Visual Studio Solution File, Format Version 12.00
# Visual Studio Version 16
VisualStudioVersion = 16.0.29519.87
MinimumVisualStudioVersion = 10.0.40219.1
Project("{2150E333-8FDC-42A3-9474-1A3956D46DE8}") = "Solution Items", "Solution Items", "{6279DD43-5B19-490F-96BD-346AA019CB17}"
	ProjectSection(SolutionItems) = preProject
		README.md = README.md
	EndProjectSection
EndProject
Project("{9A19103F-16F7-4668-BE54-9A1E7A4F7556}") = "EsoLogFilter.Ui.TestConsole", "EsoLogFilter.Ui.TestConsole\EsoLogFilter.Ui.TestConsole.csproj", "{DD7B6B58-7997-4A1A-BC25-5EE89A48B6CF}"
EndProject
Project("{9A19103F-16F7-4668-BE54-9A1E7A4F7556}") = "EsoLogFilter.Core", "EsoLogFilter.Core\EsoLogFilter.Core.csproj", "{46F4C011-B25B-4E4C-AB89-FBEE2EE48502}"
EndProject
Project("{9A19103F-16F7-4668-BE54-9A1E7A4F7556}") = "EsoLogFilter.Infrastructure.File", "EsoLogFilter.Infrastructure.File\EsoLogFilter.Infrastructure.File.csproj", "{AED03504-5011-4E64-9AD0-8E8EAE4903AA}"
EndProject
Project("{FAE04EC0-301F-11D3-BF4B-00C04F79EFBC}") = "EsoLogFilter.Ui.Wpf", "EsoLogFilter.Ui.Wpf\EsoLogFilter.Ui.Wpf.csproj", "{A0802331-CD68-491F-9C0F-A76E47DD52DD}"
EndProject
Global
	GlobalSection(SolutionConfigurationPlatforms) = preSolution
		Debug|Any CPU = Debug|Any CPU
		Release|Any CPU = Release|Any CPU
	EndGlobalSection
	GlobalSection(ProjectConfigurationPlatforms) = postSolution
		{DD7B6B58-7997-4A1A-BC25-5EE89A48B6CF}.Debug|Any CPU.ActiveCfg = Debug|Any CPU
		{DD7B6B58-7997-4A1A-BC25-5EE89A48B6CF}.Debug|Any CPU.Build.0 = Debug|Any CPU
		{DD7B6B58-7997-4A1A-BC25-5EE89A48B6CF}.Release|Any CPU.ActiveCfg = Release|Any CPU
		{DD7B6B58-7997-4A1A-BC25-5EE89A48B6CF}.Release|Any CPU.Build.0 = Release|Any CPU
		{46F4C011-B25B-4E4C-AB89-FBEE2EE48502}.Debug|Any CPU.ActiveCfg = Debug|Any CPU
		{46F4C011-B25B-4E4C-AB89-FBEE2EE48502}.Debug|Any CPU.Build.0 = Debug|Any CPU
		{46F4C011-B25B-4E4C-AB89-FBEE2EE48502}.Release|Any CPU.ActiveCfg = Release|Any CPU
		{46F4C011-B25B-4E4C-AB89-FBEE2EE48502}.Release|Any CPU.Build.0 = Release|Any CPU
		{AED03504-5011-4E64-9AD0-8E8EAE4903AA}.Debug|Any CPU.ActiveCfg = Debug|Any CPU
		{AED03504-5011-4E64-9AD0-8E8EAE4903AA}.Debug|Any CPU.Build.0 = Debug|Any CPU
		{AED03504-5011-4E64-9AD0-8E8EAE4903AA}.Release|Any CPU.ActiveCfg = Release|Any CPU
		{AED03504-5011-4E64-9AD0-8E8EAE4903AA}.Release|Any CPU.Build.0 = Release|Any CPU
		{A0802331-CD68-491F-9C0F-A76E47DD52DD}.Debug|Any CPU.ActiveCfg = Debug|Any CPU
		{A0802331-CD68-491F-9C0F-A76E47DD52DD}.Debug|Any CPU.Build.0 = Debug|Any CPU
		{A0802331-CD68-491F-9C0F-A76E47DD52DD}.Release|Any CPU.ActiveCfg = Release|Any CPU
		{A0802331-CD68-491F-9C0F-A76E47DD52DD}.Release|Any CPU.Build.0 = Release|Any CPU
	EndGlobalSection
	GlobalSection(SolutionProperties) = preSolution
		HideSolutionNode = FALSE
	EndGlobalSection
	GlobalSection(ExtensibilityGlobals) = postSolution
		SolutionGuid = {9EE94396-EB6C-4B84-B8A4-E0C0237C3472}
	EndGlobalSection
EndGlobal
